
Microsoft Visual Studio Solution File, Format Version 12.00
Project("{FAE04EC0-301F-11D3-BF4B-00C04F79EFBC}") = "DurableEntityDemo.Function", "DurableEntityDemo.Function\DurableEntityDemo.Function.csproj", "{00D753D7-B339-4503-A72C-E15B83D96CED}"
EndProject
Global
	GlobalSection(SolutionConfigurationPlatforms) = preSolution
		Debug|Any CPU = Debug|Any CPU
		Release|Any CPU = Release|Any CPU
	EndGlobalSection
	GlobalSection(ProjectConfigurationPlatforms) = postSolution
		{00D753D7-B339-4503-A72C-E15B83D96CED}.Debug|Any CPU.ActiveCfg = Debug|Any CPU
		{00D753D7-B339-4503-A72C-E15B83D96CED}.Debug|Any CPU.Build.0 = Debug|Any CPU
		{00D753D7-B339-4503-A72C-E15B83D96CED}.Release|Any CPU.ActiveCfg = Release|Any CPU
		{00D753D7-B339-4503-A72C-E15B83D96CED}.Release|Any CPU.Build.0 = Release|Any CPU
	EndGlobalSection
EndGlobal
